
Microsoft Visual Studio Solution File, Format Version 12.00
# Visual Studio Version 16
VisualStudioVersion = 16.0.31313.79
MinimumVisualStudioVersion = 10.0.40219.1
Project("{FAE04EC0-301F-11D3-BF4B-00C04F79EFBC}") = "VentasWPF", "VentasWPF.csproj", "{BDE7DBA4-A80E-4899-A536-A74AB440C8AA}"
EndProject
Global
	GlobalSection(SolutionConfigurationPlatforms) = preSolution
		Debug|Any CPU = Debug|Any CPU
		Release|Any CPU = Release|Any CPU
	EndGlobalSection
	GlobalSection(ProjectConfigurationPlatforms) = postSolution
		{BDE7DBA4-A80E-4899-A536-A74AB440C8AA}.Debug|Any CPU.ActiveCfg = Debug|Any CPU
		{BDE7DBA4-A80E-4899-A536-A74AB440C8AA}.Debug|Any CPU.Build.0 = Debug|Any CPU
		{BDE7DBA4-A80E-4899-A536-A74AB440C8AA}.Release|Any CPU.ActiveCfg = Release|Any CPU
		{BDE7DBA4-A80E-4899-A536-A74AB440C8AA}.Release|Any CPU.Build.0 = Release|Any CPU
	EndGlobalSection
	GlobalSection(SolutionProperties) = preSolution
		HideSolutionNode = FALSE
	EndGlobalSection
	GlobalSection(ExtensibilityGlobals) = postSolution
		SolutionGuid = {D24EE493-857F-4707-8078-BE62D97E0B87}
	EndGlobalSection
EndGlobal
